
Microsoft Visual Studio Solution File, Format Version 12.00
# Visual Studio Version 17
VisualStudioVersion = 17.5.33424.131
MinimumVisualStudioVersion = 10.0.40219.1
Project("{8BC9CEB8-8B4A-11D0-8D11-00A0C91BC942}") = "Project1", "Project1\Project1.vcxproj", "{607F474D-12C0-415C-8F79-F2D021235155}"
EndProject
Global
	GlobalSection(SolutionConfigurationPlatforms) = preSolution
		Debug|x64 = Debug|x64
		Debug|x86 = Debug|x86
		Release|x64 = Release|x64
		Release|x86 = Release|x86
	EndGlobalSection
	GlobalSection(ProjectConfigurationPlatforms) = postSolution
		{607F474D-12C0-415C-8F79-F2D021235155}.Debug|x64.ActiveCfg = Debug|x64
		{607F474D-12C0-415C-8F79-F2D021235155}.Debug|x64.Build.0 = Debug|x64
		{607F474D-12C0-415C-8F79-F2D021235155}.Debug|x86.ActiveCfg = Debug|Win32
		{607F474D-12C0-415C-8F79-F2D021235155}.Debug|x86.Build.0 = Debug|Win32
		{607F474D-12C0-415C-8F79-F2D021235155}.Release|x64.ActiveCfg = Release|x64
		{607F474D-12C0-415C-8F79-F2D021235155}.Release|x64.Build.0 = Release|x64
		{607F474D-12C0-415C-8F79-F2D021235155}.Release|x86.ActiveCfg = Release|Win32
		{607F474D-12C0-415C-8F79-F2D021235155}.Release|x86.Build.0 = Release|Win32
	EndGlobalSection
	GlobalSection(SolutionProperties) = preSolution
		HideSolutionNode = FALSE
	EndGlobalSection
	GlobalSection(ExtensibilityGlobals) = postSolution
		SolutionGuid = {4925C27B-029D-4CF2-90D7-42BD2B5E88CA}
	EndGlobalSection
EndGlobal
